
Microsoft Visual Studio Solution File, Format Version 12.00
# Visual Studio 15
VisualStudioVersion = 15.0.28307.102
MinimumVisualStudioVersion = 10.0.40219.1
Project("{FAE04EC0-301F-11D3-BF4B-00C04F79EFBC}") = "WebApp1", "WebApp1\WebApp1.csproj", "{BB6092C0-0814-46EE-A02A-DA475C99A064}"
EndProject
Global
	GlobalSection(SolutionConfigurationPlatforms) = preSolution
		Debug|Any CPU = Debug|Any CPU
		Release|Any CPU = Release|Any CPU
	EndGlobalSection
	GlobalSection(ProjectConfigurationPlatforms) = postSolution
		{BB6092C0-0814-46EE-A02A-DA475C99A064}.Debug|Any CPU.ActiveCfg = Debug|Any CPU
		{BB6092C0-0814-46EE-A02A-DA475C99A064}.Debug|Any CPU.Build.0 = Debug|Any CPU
		{BB6092C0-0814-46EE-A02A-DA475C99A064}.Release|Any CPU.ActiveCfg = Release|Any CPU
		{BB6092C0-0814-46EE-A02A-DA475C99A064}.Release|Any CPU.Build.0 = Release|Any CPU
	EndGlobalSection
	GlobalSection(SolutionProperties) = preSolution
		HideSolutionNode = FALSE
	EndGlobalSection
	GlobalSection(ExtensibilityGlobals) = postSolution
		SolutionGuid = {594492A1-DB1F-48A7-AF22-654B3F8E8DA2}
	EndGlobalSection
EndGlobal
